github.com/google/go-cmp v0.2.0 h1:+dTQ8DZQJz0Mb/HjFlkptS1FeQ4cWSnN941F8aEG4SQ=
github.com/google/go-cmp v0.2.0/go.mod h1:oXzfMopK8JAjlY9xF4vHSVASa0yLyX7SntLO5aqRK0M=
github.com/mdlayher/raw v0.0.0-20181016155347-fa5ef3332ca9 h1:tOtO8DXiNGj9NshRKHWiZuGlSldPFzFCFYhNtsKTBCs=
github.com/mdlayher/raw v0.0.0-20181016155347-fa5ef3332ca9/go.mod h1:rC/yE65s/DoHB6BzVOUBNYBGTg772JVytyAytffIZkY=
golang.org/x/net v0.0.0-20181108082009-03003ca0c849 h1:FSqE2GGG7wzsYUsWiQ8MZrvEd1EOyU3NCF0AW3Wtltg=
golang.org/x/net v0.0.0-20181108082009-03003ca0c849/go.mod h1:mL1N/T3taQHkDXs73rZJwtUhF3w3ftmwwsq0BUmARs4=
golang.org/x/net v0.0.0-20181114220301-adae6a3d119a h1:gOpx8G595UYyvj8UK4+OFyY4rx037g3fmfhe5SasG3U=
golang.org/x/net v0.0.0-20181114220301-adae6a3d119a/go.mod h1:mL1N/T3taQHkDXs73rZJwtUhF3w3ftmwwsq0BUmARs4=
golang.org/x/sys v0.0.0-20181107165924-66b7b1311ac8 h1:YoY1wS6JYVRpIfFngRf2HHo9R9dAne3xbkGOQ5rJXjU=
golang.org/x/sys v0.0.0-20181107165924-66b7b1311ac8/go.mod h1:STP8DvDyc/dI5b8T5hshtkjS+E42TnysNCUPdjciGhY=
golang.org/x/sys v0.0.0-20181116161606-93218def8b18 h1:Wh+XCfg3kNpjhdq2LXrsiOProjtQZKme5XUx7VcxwAw=
golang.org/x/sys v0.0.0-20181116161606-93218def8b18/go.mod h1:STP8DvDyc/dI5b8T5hshtkjS+E42TnysNCUPdjciGhY=
golang.org/x/sys v0.0.0-20181119195503-ec83556a53fe h1:I5KvcSfxR/TkvFksuALBTCS44kh6MaPO1rHR9vT0iQQ=
golang.org/x/sys v0.0.0-20181119195503-ec83556a53fe/go.mod h1:STP8DvDyc/dI5b8T5hshtkjS+E42TnysNCUPdjciGhY=
